{
  "object": {
    "pins": [
      {
        "package": "CommandKit",
        "repositoryURL": "https://github.com/SwiftStudies/CommandKit.git",
        "state": {
          "branch": "master",
          "revision": "ab82b1e8f530ddf980c484822bee1310591a5cfb",
          "version": null
        }
      },
      {
        "package": "OysterKit",
        "repositoryURL": "https://github.com/SwiftStudies/OysterKit.git",
        "state": {
          "branch": "master",
          "revision": "3f87f6c45ca9640e80ec33039fdfc16192d6177f",
          "version": null
        }
      }
    ]
  },
  "version": 1
}
